{
  "object": {
    "pins": [
      {
        "package": "Alamofire",
        "repositoryURL": "https://github.com/Alamofire/Alamofire.git",
        "state": {
          "branch": null,
          "revision": "f96b619bcb2383b43d898402283924b80e2c4bae",
          "version": "5.4.3"
        }
      },
      {
        "package": "AlamofireImage",
        "repositoryURL": "https://github.com/Alamofire/AlamofireImage.git",
        "state": {
          "branch": null,
          "revision": "98cbb00ce0ec5fc8e52a5b50a6bfc08d3e5aee10",
          "version": "4.2.0"
        }
      },
      {
        "package": "combine-schedulers",
        "repositoryURL": "https://github.com/pointfreeco/combine-schedulers",
        "state": {
          "branch": null,
          "revision": "6dcc7c034d28fe7ac652453faeae07656f723909",
          "version": "0.5.1"
        }
      },
      {
        "package": "NetworkImage",
        "repositoryURL": "https://github.com/gonzalezreal/NetworkImage.git",
        "state": {
          "branch": null,
          "revision": "d7b018eadd0bbb3b9057cfb5245f26e741855ac6",
          "version": "3.1.0"
        }
      },
      {
        "package": "SwiftSoup",
        "repositoryURL": "https://github.com/scinfu/SwiftSoup.git",
        "state": {
          "branch": null,
          "revision": "774dc9c7213085db8aa59595e27c1cd22e428904",
          "version": "2.3.2"
        }
      },
      {
        "package": "xctest-dynamic-overlay",
        "repositoryURL": "https://github.com/pointfreeco/xctest-dynamic-overlay",
        "state": {
          "branch": null,
          "revision": "b9eeb1a7ea3fd6fea54ce57dee2f5794b667c8df",
          "version": "0.2.0"
        }
      }
    ]
  },
  "version": 1
}
